
Microsoft Visual Studio Solution File, Format Version 12.00
# Visual Studio 14
VisualStudioVersion = 14.0.25420.1
MinimumVisualStudioVersion = 10.0.40219.1
Project("{FAE04EC0-301F-11D3-BF4B-00C04F79EFBC}") = "MathOperations", "MathOperations\MathOperations.csproj", "{E4CBBC33-1597-4DC3-AF42-F4D06483AF0F}"
EndProject
Project("{FAE04EC0-301F-11D3-BF4B-00C04F79EFBC}") = "MathOperations.Tests", "MathOperations.Tests\MathOperations.Tests.csproj", "{72213E33-14F2-42ED-8CA6-79F2EF197989}"
EndProject
Global
	GlobalSection(SolutionConfigurationPlatforms) = preSolution
		Debug|Any CPU = Debug|Any CPU
		Release|Any CPU = Release|Any CPU
	EndGlobalSection
	GlobalSection(ProjectConfigurationPlatforms) = postSolution
		{E4CBBC33-1597-4DC3-AF42-F4D06483AF0F}.Debug|Any CPU.ActiveCfg = Debug|Any CPU
		{E4CBBC33-1597-4DC3-AF42-F4D06483AF0F}.Debug|Any CPU.Build.0 = Debug|Any CPU
		{E4CBBC33-1597-4DC3-AF42-F4D06483AF0F}.Release|Any CPU.ActiveCfg = Release|Any CPU
		{E4CBBC33-1597-4DC3-AF42-F4D06483AF0F}.Release|Any CPU.Build.0 = Release|Any CPU
		{72213E33-14F2-42ED-8CA6-79F2EF197989}.Debug|Any CPU.ActiveCfg = Debug|Any CPU
		{72213E33-14F2-42ED-8CA6-79F2EF197989}.Debug|Any CPU.Build.0 = Debug|Any CPU
		{72213E33-14F2-42ED-8CA6-79F2EF197989}.Release|Any CPU.ActiveCfg = Release|Any CPU
		{72213E33-14F2-42ED-8CA6-79F2EF197989}.Release|Any CPU.Build.0 = Release|Any CPU
	EndGlobalSection
	GlobalSection(SolutionProperties) = preSolution
		HideSolutionNode = FALSE
	EndGlobalSection
EndGlobal
